
Microsoft Visual Studio Solution File, Format Version 12.00
# Visual Studio Version 17
VisualStudioVersion = 17.2.32630.192
MinimumVisualStudioVersion = 10.0.40219.1
Project("{FAE04EC0-301F-11D3-BF4B-00C04F79EFBC}") = "SıralamaTask", "SıralamaTask\SıralamaTask.csproj", "{2995254A-EAAD-415A-B5A8-0D53835A56F2}"
EndProject
Global
	GlobalSection(SolutionConfigurationPlatforms) = preSolution
		Debug|Any CPU = Debug|Any CPU
		Release|Any CPU = Release|Any CPU
	EndGlobalSection
	GlobalSection(ProjectConfigurationPlatforms) = postSolution
		{2995254A-EAAD-415A-B5A8-0D53835A56F2}.Debug|Any CPU.ActiveCfg = Debug|Any CPU
		{2995254A-EAAD-415A-B5A8-0D53835A56F2}.Debug|Any CPU.Build.0 = Debug|Any CPU
		{2995254A-EAAD-415A-B5A8-0D53835A56F2}.Release|Any CPU.ActiveCfg = Release|Any CPU
		{2995254A-EAAD-415A-B5A8-0D53835A56F2}.Release|Any CPU.Build.0 = Release|Any CPU
	EndGlobalSection
	GlobalSection(SolutionProperties) = preSolution
		HideSolutionNode = FALSE
	EndGlobalSection
	GlobalSection(ExtensibilityGlobals) = postSolution
		SolutionGuid = {EFF1EBE5-D9E0-4EF0-A5C0-8E58A67B0C8A}
	EndGlobalSection
EndGlobal
